
Microsoft Visual Studio Solution File, Format Version 12.00
# Visual Studio Version 17
VisualStudioVersion = 17.14.36310.24
MinimumVisualStudioVersion = 10.0.40219.1
Project("{FAE04EC0-301F-11D3-BF4B-00C04F79EFBC}") = "MLEFIN", "MLEFIN.csproj", "{2847EC86-FA74-48B6-9246-EA41A0F176FE}"
EndProject
Global
	GlobalSection(SolutionConfigurationPlatforms) = preSolution
		Debug|Any CPU = Debug|Any CPU
		Release|Any CPU = Release|Any CPU
	EndGlobalSection
	GlobalSection(ProjectConfigurationPlatforms) = postSolution
		{2847EC86-FA74-48B6-9246-EA41A0F176FE}.Debug|Any CPU.ActiveCfg = Debug|Any CPU
		{2847EC86-FA74-48B6-9246-EA41A0F176FE}.Debug|Any CPU.Build.0 = Debug|Any CPU
		{2847EC86-FA74-48B6-9246-EA41A0F176FE}.Release|Any CPU.ActiveCfg = Release|Any CPU
		{2847EC86-FA74-48B6-9246-EA41A0F176FE}.Release|Any CPU.Build.0 = Release|Any CPU
	EndGlobalSection
	GlobalSection(SolutionProperties) = preSolution
		HideSolutionNode = FALSE
	EndGlobalSection
	GlobalSection(ExtensibilityGlobals) = postSolution
		SolutionGuid = {E37F6183-5327-43D9-8E41-AD6CBAAA4F2C}
	EndGlobalSection
EndGlobal
